
Microsoft Visual Studio Solution File, Format Version 12.00
# Visual Studio Version 16
VisualStudioVersion = 16.0.31410.357
MinimumVisualStudioVersion = 10.0.40219.1
Project("{FAE04EC0-301F-11D3-BF4B-00C04F79EFBC}") = "buoi3wnc", "buoi3wnc\buoi3wnc.csproj", "{5956EA27-CD17-4185-9CE7-04673536FEAF}"
EndProject
Global
	GlobalSection(SolutionConfigurationPlatforms) = preSolution
		Debug|Any CPU = Debug|Any CPU
		Release|Any CPU = Release|Any CPU
	EndGlobalSection
	GlobalSection(ProjectConfigurationPlatforms) = postSolution
		{5956EA27-CD17-4185-9CE7-04673536FEAF}.Debug|Any CPU.ActiveCfg = Debug|Any CPU
		{5956EA27-CD17-4185-9CE7-04673536FEAF}.Debug|Any CPU.Build.0 = Debug|Any CPU
		{5956EA27-CD17-4185-9CE7-04673536FEAF}.Release|Any CPU.ActiveCfg = Release|Any CPU
		{5956EA27-CD17-4185-9CE7-04673536FEAF}.Release|Any CPU.Build.0 = Release|Any CPU
	EndGlobalSection
	GlobalSection(SolutionProperties) = preSolution
		HideSolutionNode = FALSE
	EndGlobalSection
	GlobalSection(ExtensibilityGlobals) = postSolution
		SolutionGuid = {C6974FF2-14EE-4068-A4EB-C31DB2AC09EC}
	EndGlobalSection
EndGlobal
